// !$*UTF8*$!
{
	archiveVersion = 1;
	classes = {
	};
	objectVersion = 51;
	objects = {

/* Begin PBXBuildFile section */
		2C25AB032394E8B8007A76D0 /* RoomDisplayViewController.swift in Sources */ = {isa = PBXBuildFile; fileRef = 2C25AB022394E8B8007A76D0 /* RoomDisplayViewController.swift */; };
		2C2A4A4123932DCD0007DA99 /* TitleViewController.swift in Sources */ = {isa = PBXBuildFile; fileRef = 2C2A4A4023932DCD0007DA99 /* TitleViewController.swift */; };
		2C2A4A43239332510007DA99 /* SignUpViewController.swift in Sources */ = {isa = PBXBuildFile; fileRef = 2C2A4A42239332510007DA99 /* SignUpViewController.swift */; };
		2C2A4A45239333C60007DA99 /* SecondSignUpViewController.swift in Sources */ = {isa = PBXBuildFile; fileRef = 2C2A4A44239333C60007DA99 /* SecondSignUpViewController.swift */; };
		2C4B70CD239766E100D4CFCE /* SettingsViewController.swift in Sources */ = {isa = PBXBuildFile; fileRef = 2C4B70CC239766E100D4CFCE /* SettingsViewController.swift */; };
		2C7874C2239048DA00CCC4AF /* LoginViewController.swift in Sources */ = {isa = PBXBuildFile; fileRef = 2C7874C1239048DA00CCC4AF /* LoginViewController.swift */; };
		2C7874C423904A0C00CCC4AF /* SetupViewController.swift in Sources */ = {isa = PBXBuildFile; fileRef = 2C7874C323904A0C00CCC4AF /* SetupViewController.swift */; };
		2CD47C7723939CF3003BD5FA /* InitialViewController.swift in Sources */ = {isa = PBXBuildFile; fileRef = 2CD47C7623939CF3003BD5FA /* InitialViewController.swift */; };
		2CE6A3322390227200F55096 /* WishlistViewController.swift in Sources */ = {isa = PBXBuildFile; fileRef = 2CE6A3312390227200F55096 /* WishlistViewController.swift */; };
		2CE6A33423902C2600F55096 /* WishlistTableViewCell.swift in Sources */ = {isa = PBXBuildFile; fileRef = 2CE6A33323902C2600F55096 /* WishlistTableViewCell.swift */; };
		2CE6A3362390451E00F55096 /* User.swift in Sources */ = {isa = PBXBuildFile; fileRef = 2CE6A3352390451E00F55096 /* User.swift */; };
		2CE6A338239045E700F55096 /* GoogleService-Info.plist in Resources */ = {isa = PBXBuildFile; fileRef = 2CE6A337239045E700F55096 /* GoogleService-Info.plist */; };
		2CFDB7E9238F6B5300F1689E /* AppDelegate.swift in Sources */ = {isa = PBXBuildFile; fileRef = 2CFDB7E8238F6B5300F1689E /* AppDelegate.swift */; };
		2CFDB7EB238F6B5300F1689E /* SceneDelegate.swift in Sources */ = {isa = PBXBuildFile; fileRef = 2CFDB7EA238F6B5300F1689E /* SceneDelegate.swift */; };
		2CFDB7ED238F6B5300F1689E /* ViewController.swift in Sources */ = {isa = PBXBuildFile; fileRef = 2CFDB7EC238F6B5300F1689E /* ViewController.swift */; };
		2CFDB7F0238F6B5300F1689E /* Main.storyboard in Resources */ = {isa = PBXBuildFile; fileRef = 2CFDB7EE238F6B5300F1689E /* Main.storyboard */; };
		2CFDB7F2238F6B5400F1689E /* Assets.xcassets in Resources */ = {isa = PBXBuildFile; fileRef = 2CFDB7F1238F6B5400F1689E /* Assets.xcassets */; };
		2CFDB7F5238F6B5400F1689E /* LaunchScreen.storyboard in Resources */ = {isa = PBXBuildFile; fileRef = 2CFDB7F3238F6B5400F1689E /* LaunchScreen.storyboard */; };
		2CFDB7FD238F6CC100F1689E /* Person.swift in Sources */ = {isa = PBXBuildFile; fileRef = 2CFDB7FC238F6CC100F1689E /* Person.swift */; };
		AB669B4495E1B09226B1C2EA /* Pods_Secret_Santa.framework in Frameworks */ = {isa = PBXBuildFile; fileRef = E1508E3B07A338E866F8E008 /* Pods_Secret_Santa.framework */; };
/* End PBXBuildFile section */

/* Begin PBXFileReference section */
		2C25AB022394E8B8007A76D0 /* RoomDisplayViewController.swift */ = {isa = PBXFileReference; lastKnownFileType = sourcecode.swift; path = RoomDisplayViewController.swift; sourceTree = "<group>"; };
		2C2A4A4023932DCD0007DA99 /* TitleViewController.swift */ = {isa = PBXFileReference; lastKnownFileType = sourcecode.swift; path = TitleViewController.swift; sourceTree = "<group>"; };
		2C2A4A42239332510007DA99 /* SignUpViewController.swift */ = {isa = PBXFileReference; lastKnownFileType = sourcecode.swift; path = SignUpViewController.swift; sourceTree = "<group>"; };
		2C2A4A44239333C60007DA99 /* SecondSignUpViewController.swift */ = {isa = PBXFileReference; lastKnownFileType = sourcecode.swift; path = SecondSignUpViewController.swift; sourceTree = "<group>"; };
		2C4B70CC239766E100D4CFCE /* SettingsViewController.swift */ = {isa = PBXFileReference; lastKnownFileType = sourcecode.swift; path = SettingsViewController.swift; sourceTree = "<group>"; };
		2C7874C1239048DA00CCC4AF /* LoginViewController.swift */ = {isa = PBXFileReference; lastKnownFileType = sourcecode.swift; path = LoginViewController.swift; sourceTree = "<group>"; };
		2C7874C323904A0C00CCC4AF /* SetupViewController.swift */ = {isa = PBXFileReference; lastKnownFileType = sourcecode.swift; path = SetupViewController.swift; sourceTree = "<group>"; };
		2CD47C7623939CF3003BD5FA /* InitialViewController.swift */ = {isa = PBXFileReference; lastKnownFileType = sourcecode.swift; path = InitialViewController.swift; sourceTree = "<group>"; };
		2CE6A3312390227200F55096 /* WishlistViewController.swift */ = {isa = PBXFileReference; lastKnownFileType = sourcecode.swift; path = WishlistViewController.swift; sourceTree = "<group>"; };
		2CE6A33323902C2600F55096 /* WishlistTableViewCell.swift */ = {isa = PBXFileReference; lastKnownFileType = sourcecode.swift; path = WishlistTableViewCell.swift; sourceTree = "<group>"; };
		2CE6A3352390451E00F55096 /* User.swift */ = {isa = PBXFileReference; lastKnownFileType = sourcecode.swift; path = User.swift; sourceTree = "<group>"; };
		2CE6A337239045E700F55096 /* GoogleService-Info.plist */ = {isa = PBXFileReference; fileEncoding = 4; lastKnownFileType = text.plist.xml; path = "GoogleService-Info.plist"; sourceTree = "<group>"; };
		2CFDB7E5238F6B5300F1689E /* Secret Santa.app */ = {isa = PBXFileReference; explicitFileType = wrapper.application; includeInIndex = 0; path = "Secret Santa.app"; sourceTree = BUILT_PRODUCTS_DIR; };
		2CFDB7E8238F6B5300F1689E /* AppDelegate.swift */ = {isa = PBXFileReference; lastKnownFileType = sourcecode.swift; path = AppDelegate.swift; sourceTree = "<group>"; };
		2CFDB7EA238F6B5300F1689E /* SceneDelegate.swift */ = {isa = PBXFileReference; lastKnownFileType = sourcecode.swift; path = SceneDelegate.swift; sourceTree = "<group>"; };
		2CFDB7EC238F6B5300F1689E /* ViewController.swift */ = {isa = PBXFileReference; lastKnownFileType = sourcecode.swift; path = ViewController.swift; sourceTree = "<group>"; };
		2CFDB7EF238F6B5300F1689E /* Base */ = {isa = PBXFileReference; lastKnownFileType = file.storyboard; name = Base; path = Base.lproj/Main.storyboard; sourceTree = "<group>"; };
		2CFDB7F1238F6B5400F1689E /* Assets.xcassets */ = {isa = PBXFileReference; lastKnownFileType = folder.assetcatalog; path = Assets.xcassets; sourceTree = "<group>"; };
		2CFDB7F4238F6B5400F1689E /* Base */ = {isa = PBXFileReference; lastKnownFileType = file.storyboard; name = Base; path = Base.lproj/LaunchScreen.storyboard; sourceTree = "<group>"; };
		2CFDB7F6238F6B5400F1689E /* Info.plist */ = {isa = PBXFileReference; lastKnownFileType = text.plist.xml; path = Info.plist; sourceTree = "<group>"; };
		2CFDB7FC238F6CC100F1689E /* Person.swift */ = {isa = PBXFileReference; fileEncoding = 4; lastKnownFileType = sourcecode.swift; path = Person.swift; sourceTree = "<group>"; };
		343365043F1DB03BD3E8BEBD /* Pods-Secret Santa.release.xcconfig */ = {isa = PBXFileReference; includeInIndex = 1; lastKnownFileType = text.xcconfig; name = "Pods-Secret Santa.release.xcconfig"; path = "Target Support Files/Pods-Secret Santa/Pods-Secret Santa.release.xcconfig"; sourceTree = "<group>"; };
		E1508E3B07A338E866F8E008 /* Pods_Secret_Santa.framework */ = {isa = PBXFileReference; explicitFileType = wrapper.framework; includeInIndex = 0; path = Pods_Secret_Santa.framework; sourceTree = BUILT_PRODUCTS_DIR; };
		E70D88946CC674DFB070C850 /* Pods-Secret Santa.debug.xcconfig */ = {isa = PBXFileReference; includeInIndex = 1; lastKnownFileType = text.xcconfig; name = "Pods-Secret Santa.debug.xcconfig"; path = "Target Support Files/Pods-Secret Santa/Pods-Secret Santa.debug.xcconfig"; sourceTree = "<group>"; };
/* End PBXFileReference section */

/* Begin PBXFrameworksBuildPhase section */
		2CFDB7E2238F6B5300F1689E /* Frameworks */ = {
			isa = PBXFrameworksBuildPhase;
			buildActionMask = 2147483647;
			files = (
				AB669B4495E1B09226B1C2EA /* Pods_Secret_Santa.framework in Frameworks */,
			);
			runOnlyForDeploymentPostprocessing = 0;
		};
/* End PBXFrameworksBuildPhase section */

/* Begin PBXGroup section */
		0FF3FB092390A26E00B07B26 /* Models */ = {
			isa = PBXGroup;
			children = (
				2CFDB7FC238F6CC100F1689E /* Person.swift */,
				2CE6A3352390451E00F55096 /* User.swift */,
			);
			path = Models;
			sourceTree = "<group>";
		};
		2CFDB7DC238F6B5300F1689E = {
			isa = PBXGroup;
			children = (
				2CFDB7E7238F6B5300F1689E /* Secret Santa */,
				2CFDB7E6238F6B5300F1689E /* Products */,
				B607B7556B04FDF93B7377F0 /* Pods */,
				5E17A75BA4B3FB0260707323 /* Frameworks */,
			);
			sourceTree = "<group>";
		};
		2CFDB7E6238F6B5300F1689E /* Products */ = {
			isa = PBXGroup;
			children = (
				2CFDB7E5238F6B5300F1689E /* Secret Santa.app */,
			);
			name = Products;
			sourceTree = "<group>";
		};
		2CFDB7E7238F6B5300F1689E /* Secret Santa */ = {
			isa = PBXGroup;
			children = (
				0FF3FB092390A26E00B07B26 /* Models */,
				2CFDB7E8238F6B5300F1689E /* AppDelegate.swift */,
				2CFDB7EA238F6B5300F1689E /* SceneDelegate.swift */,
				2CFDB7EC238F6B5300F1689E /* ViewController.swift */,
				2C25AB022394E8B8007A76D0 /* RoomDisplayViewController.swift */,
				2CE6A3312390227200F55096 /* WishlistViewController.swift */,
				2CE6A33323902C2600F55096 /* WishlistTableViewCell.swift */,
				2C7874C1239048DA00CCC4AF /* LoginViewController.swift */,
				2C2A4A42239332510007DA99 /* SignUpViewController.swift */,
				2C2A4A44239333C60007DA99 /* SecondSignUpViewController.swift */,
				2C2A4A4023932DCD0007DA99 /* TitleViewController.swift */,
				2C7874C323904A0C00CCC4AF /* SetupViewController.swift */,
				2CD47C7623939CF3003BD5FA /* InitialViewController.swift */,
				2C4B70CC239766E100D4CFCE /* SettingsViewController.swift */,
				2CFDB7EE238F6B5300F1689E /* Main.storyboard */,
				2CFDB7F1238F6B5400F1689E /* Assets.xcassets */,
				2CFDB7F3238F6B5400F1689E /* LaunchScreen.storyboard */,
				2CFDB7F6238F6B5400F1689E /* Info.plist */,
				2CE6A337239045E700F55096 /* GoogleService-Info.plist */,
			);
			path = "Secret Santa";
			sourceTree = "<group>";
		};
		5E17A75BA4B3FB0260707323 /* Frameworks */ = {
			isa = PBXGroup;
			children = (
				E1508E3B07A338E866F8E008 /* Pods_Secret_Santa.framework */,
			);
			name = Frameworks;
			sourceTree = "<group>";
		};
		B607B7556B04FDF93B7377F0 /* Pods */ = {
			isa = PBXGroup;
			children = (
				E70D88946CC674DFB070C850 /* Pods-Secret Santa.debug.xcconfig */,
				343365043F1DB03BD3E8BEBD /* Pods-Secret Santa.release.xcconfig */,
			);
			path = Pods;
			sourceTree = "<group>";
		};
/* End PBXGroup section */

/* Begin PBXNativeTarget section */
		2CFDB7E4238F6B5300F1689E /* Secret Santa */ = {
			isa = PBXNativeTarget;
			buildConfigurationList = 2CFDB7F9238F6B5400F1689E /* Build configuration list for PBXNativeTarget "Secret Santa" */;
			buildPhases = (
				AB5A984B3A746A9F71EF6731 /* [CP] Check Pods Manifest.lock */,
				2CFDB7E1238F6B5300F1689E /* Sources */,
				2CFDB7E2238F6B5300F1689E /* Frameworks */,
				2CFDB7E3238F6B5300F1689E /* Resources */,
				B1E9D14836BC5777CA6C1E89 /* [CP] Embed Pods Frameworks */,
			);
			buildRules = (
			);
			dependencies = (
			);
			name = "Secret Santa";
			productName = "Secret Santa";
			productReference = 2CFDB7E5238F6B5300F1689E /* Secret Santa.app */;
			productType = "com.apple.product-type.application";
		};
/* End PBXNativeTarget section */

/* Begin PBXProject section */
		2CFDB7DD238F6B5300F1689E /* Project object */ = {
			isa = PBXProject;
			attributes = {
				LastSwiftUpdateCheck = 1120;
				LastUpgradeCheck = 1120;
				ORGANIZATIONNAME = bizmarky;
				TargetAttributes = {
					2CFDB7E4238F6B5300F1689E = {
						CreatedOnToolsVersion = 11.2.1;
					};
				};
			};
			buildConfigurationList = 2CFDB7E0238F6B5300F1689E /* Build configuration list for PBXProject "Secret Santa" */;
			compatibilityVersion = "Xcode 9.3";
			developmentRegion = en;
			hasScannedForEncodings = 0;
			knownRegions = (
				en,
				Base,
			);
			mainGroup = 2CFDB7DC238F6B5300F1689E;
			productRefGroup = 2CFDB7E6238F6B5300F1689E /* Products */;
			projectDirPath = "";
			projectRoot = "";
			targets = (
				2CFDB7E4238F6B5300F1689E /* Secret Santa */,
			);
		};
/* End PBXProject section */

/* Begin PBXResourcesBuildPhase section */
		2CFDB7E3238F6B5300F1689E /* Resources */ = {
			isa = PBXResourcesBuildPhase;
			buildActionMask = 2147483647;
			files = (
				2CFDB7F5238F6B5400F1689E /* LaunchScreen.storyboard in Resources */,
				2CE6A338239045E700F55096 /* GoogleService-Info.plist in Resources */,
				2CFDB7F2238F6B5400F1689E /* Assets.xcassets in Resources */,
				2CFDB7F0238F6B5300F1689E /* Main.storyboard in Resources */,
			);
			runOnlyForDeploymentPostprocessing = 0;
		};
/* End PBXResourcesBuildPhase section */

/* Begin PBXShellScriptBuildPhase section */
		AB5A984B3A746A9F71EF6731 /* [CP] Check Pods Manifest.lock */ = {
			isa = PBXShellScriptBuildPhase;
			buildActionMask = 2147483647;
			files = (
			);
			inputFileListPaths = (
			);
			inputPaths = (
				"${PODS_PODFILE_DIR_PATH}/Podfile.lock",
				"${PODS_ROOT}/Manifest.lock",
			);
			name = "[CP] Check Pods Manifest.lock";
			outputFileListPaths = (
			);
			outputPaths = (
				"$(DERIVED_FILE_DIR)/Pods-Secret Santa-checkManifestLockResult.txt",
			);
			runOnlyForDeploymentPostprocessing = 0;
			shellPath = /bin/sh;
			shellScript = "diff \"${PODS_PODFILE_DIR_PATH}/Podfile.lock\" \"${PODS_ROOT}/Manifest.lock\" > /dev/null\nif [ $? != 0 ] ; then\n    # print error to STDERR\n    echo \"error: The sandbox is not in sync with the Podfile.lock. Run 'pod install' or update your CocoaPods installation.\" >&2\n    exit 1\nfi\n# This output is used by Xcode 'outputs' to avoid re-running this script phase.\necho \"SUCCESS\" > \"${SCRIPT_OUTPUT_FILE_0}\"\n";
			showEnvVarsInLog = 0;
		};
		B1E9D14836BC5777CA6C1E89 /* [CP] Embed Pods Frameworks */ = {
			isa = PBXShellScriptBuildPhase;
			buildActionMask = 2147483647;
			files = (
			);
			inputFileListPaths = (
				"${PODS_ROOT}/Target Support Files/Pods-Secret Santa/Pods-Secret Santa-frameworks-${CONFIGURATION}-input-files.xcfilelist",
			);
			name = "[CP] Embed Pods Frameworks";
			outputFileListPaths = (
				"${PODS_ROOT}/Target Support Files/Pods-Secret Santa/Pods-Secret Santa-frameworks-${CONFIGURATION}-output-files.xcfilelist",
			);
			runOnlyForDeploymentPostprocessing = 0;
			shellPath = /bin/sh;
			shellScript = "\"${PODS_ROOT}/Target Support Files/Pods-Secret Santa/Pods-Secret Santa-frameworks.sh\"\n";
			showEnvVarsInLog = 0;
		};
/* End PBXShellScriptBuildPhase section */

/* Begin PBXSourcesBuildPhase section */
		2CFDB7E1238F6B5300F1689E /* Sources */ = {
			isa = PBXSourcesBuildPhase;
			buildActionMask = 2147483647;
			files = (
				2C2A4A45239333C60007DA99 /* SecondSignUpViewController.swift in Sources */,
				2C2A4A43239332510007DA99 /* SignUpViewController.swift in Sources */,
				2CFDB7ED238F6B5300F1689E /* ViewController.swift in Sources */,
				2CFDB7E9238F6B5300F1689E /* AppDelegate.swift in Sources */,
				2CD47C7723939CF3003BD5FA /* InitialViewController.swift in Sources */,
				2CE6A33423902C2600F55096 /* WishlistTableViewCell.swift in Sources */,
				2CE6A3322390227200F55096 /* WishlistViewController.swift in Sources */,
				2C7874C2239048DA00CCC4AF /* LoginViewController.swift in Sources */,
				2C4B70CD239766E100D4CFCE /* SettingsViewController.swift in Sources */,
				2CFDB7FD238F6CC100F1689E /* Person.swift in Sources */,
				2CFDB7EB238F6B5300F1689E /* SceneDelegate.swift in Sources */,
				2C7874C423904A0C00CCC4AF /* SetupViewController.swift in Sources */,
				2CE6A3362390451E00F55096 /* User.swift in Sources */,
				2C25AB032394E8B8007A76D0 /* RoomDisplayViewController.swift in Sources */,
				2C2A4A4123932DCD0007DA99 /* TitleViewController.swift in Sources */,
			);
			runOnlyForDeploymentPostprocessing = 0;
		};
/* End PBXSourcesBuildPhase section */

/* Begin PBXVariantGroup section */
		2CFDB7EE238F6B5300F1689E /* Main.storyboard */ = {
			isa = PBXVariantGroup;
			children = (
				2CFDB7EF238F6B5300F1689E /* Base */,
			);
			name = Main.storyboard;
			sourceTree = "<group>";
		};
		2CFDB7F3238F6B5400F1689E /* LaunchScreen.storyboard */ = {
			isa = PBXVariantGroup;
			children = (
				2CFDB7F4238F6B5400F1689E /* Base */,
			);
			name = LaunchScreen.storyboard;
			sourceTree = "<group>";
		};
/* End PBXVariantGroup section */

/* Begin XCBuildConfiguration section */
		2CFDB7F7238F6B5400F1689E /* Debug */ = {
			isa = XCBuildConfiguration;
			buildSettings = {
				ALWAYS_SEARCH_USER_PATHS = NO;
				CLANG_ANALYZER_NONNULL = YES;
				CLANG_ANALYZER_NUMBER_OBJECT_CONVERSION = YES_AGGRESSIVE;
				CLANG_CXX_LANGUAGE_STANDARD = "gnu++14";
				CLANG_CXX_LIBRARY = "libc++";
				CLANG_ENABLE_MODULES = YES;
				CLANG_ENABLE_OBJC_ARC = YES;
				CLANG_ENABLE_OBJC_WEAK = YES;
				CLANG_WARN_BLOCK_CAPTURE_AUTORELEASING = YES;
				CLANG_WARN_BOOL_CONVERSION = YES;
				CLANG_WARN_COMMA = YES;
				CLANG_WARN_CONSTANT_CONVERSION = YES;
				CLANG_WARN_DEPRECATED_OBJC_IMPLEMENTATIONS = YES;
				CLANG_WARN_DIRECT_OBJC_ISA_USAGE = YES_ERROR;
				CLANG_WARN_DOCUMENTATION_COMMENTS = YES;
				CLANG_WARN_EMPTY_BODY = YES;
				CLANG_WARN_ENUM_CONVERSION = YES;
				CLANG_WARN_INFINITE_RECURSION = YES;
				CLANG_WARN_INT_CONVERSION = YES;
				CLANG_WARN_NON_LITERAL_NULL_CONVERSION = YES;
				CLANG_WARN_OBJC_IMPLICIT_RETAIN_SELF = YES;
				CLANG_WARN_OBJC_LITERAL_CONVERSION = YES;
				CLANG_WARN_OBJC_ROOT_CLASS = YES_ERROR;
				CLANG_WARN_RANGE_LOOP_ANALYSIS = YES;
				CLANG_WARN_STRICT_PROTOTYPES = YES;
				CLANG_WARN_SUSPICIOUS_MOVE = YES;
				CLANG_WARN_UNGUARDED_AVAILABILITY = YES_AGGRESSIVE;
				CLANG_WARN_UNREACHABLE_CODE = YES;
				CLANG_WARN__DUPLICATE_METHOD_MATCH = YES;
				COPY_PHASE_STRIP = NO;
				DEBUG_INFORMATION_FORMAT = dwarf;
				ENABLE_STRICT_OBJC_MSGSEND = YES;
				ENABLE_TESTABILITY = YES;
				GCC_C_LANGUAGE_STANDARD = gnu11;
				GCC_DYNAMIC_NO_PIC = NO;
				GCC_NO_COMMON_BLOCKS = YES;
				GCC_OPTIMIZATION_LEVEL = 0;
				GCC_PREPROCESSOR_DEFINITIONS = (
					"DEBUG=1",
					"$(inherited)",
				);
				GCC_WARN_64_TO_32_BIT_CONVERSION = YES;
				GCC_WARN_ABOUT_RETURN_TYPE = YES_ERROR;
				GCC_WARN_UNDECLARED_SELECTOR = YES;
				GCC_WARN_UNINITIALIZED_AUTOS = YES_AGGRESSIVE;
				GCC_WARN_UNUSED_FUNCTION = YES;
				GCC_WARN_UNUSED_VARIABLE = YES;
				IPHONEOS_DEPLOYMENT_TARGET = 13.2;
				MTL_ENABLE_DEBUG_INFO = INCLUDE_SOURCE;
				MTL_FAST_MATH = YES;
				ONLY_ACTIVE_ARCH = YES;
				SDKROOT = iphoneos;
				SWIFT_ACTIVE_COMPILATION_CONDITIONS = DEBUG;
				SWIFT_OPTIMIZATION_LEVEL = "-Onone";
			};
			name = Debug;
		};
		2CFDB7F8238F6B5400F1689E /* Release */ = {
			isa = XCBuildConfiguration;
			buildSettings = {
				ALWAYS_SEARCH_USER_PATHS = NO;
				CLANG_ANALYZER_NONNULL = YES;
				CLANG_ANALYZER_NUMBER_OBJECT_CONVERSION = YES_AGGRESSIVE;
				CLANG_CXX_LANGUAGE_STANDARD = "gnu++14";
				CLANG_CXX_LIBRARY = "libc++";
				CLANG_ENABLE_MODULES = YES;
				CLANG_ENABLE_OBJC_ARC = YES;
				CLANG_ENABLE_OBJC_WEAK = YES;
				CLANG_WARN_BLOCK_CAPTURE_AUTORELEASING = YES;
				CLANG_WARN_BOOL_CONVERSION = YES;
				CLANG_WARN_COMMA = YES;
				CLANG_WARN_CONSTANT_CONVERSION = YES;
				CLANG_WARN_DEPRECATED_OBJC_IMPLEMENTATIONS = YES;
				CLANG_WARN_DIRECT_OBJC_ISA_USAGE = YES_ERROR;
				CLANG_WARN_DOCUMENTATION_COMMENTS = YES;
				CLANG_WARN_EMPTY_BODY = YES;
				CLANG_WARN_ENUM_CONVERSION = YES;
				CLANG_WARN_INFINITE_RECURSION = YES;
				CLANG_WARN_INT_CONVERSION = YES;
				CLANG_WARN_NON_LITERAL_NULL_CONVERSION = YES;
				CLANG_WARN_OBJC_IMPLICIT_RETAIN_SELF = YES;
				CLANG_WARN_OBJC_LITERAL_CONVERSION = YES;
				CLANG_WARN_OBJC_ROOT_CLASS = YES_ERROR;
				CLANG_WARN_RANGE_LOOP_ANALYSIS = YES;
				CLANG_WARN_STRICT_PROTOTYPES = YES;
				CLANG_WARN_SUSPICIOUS_MOVE = YES;
				CLANG_WARN_UNGUARDED_AVAILABILITY = YES_AGGRESSIVE;
				CLANG_WARN_UNREACHABLE_CODE = YES;
				CLANG_WARN__DUPLICATE_METHOD_MATCH = YES;
				COPY_PHASE_STRIP = NO;
				DEBUG_INFORMATION_FORMAT = "dwarf-with-dsym";
				ENABLE_NS_ASSERTIONS = NO;
				ENABLE_STRICT_OBJC_MSGSEND = YES;
				GCC_C_LANGUAGE_STANDARD = gnu11;
				GCC_NO_COMMON_BLOCKS = YES;
				GCC_WARN_64_TO_32_BIT_CONVERSION = YES;
				GCC_WARN_ABOUT_RETURN_TYPE = YES_ERROR;
				GCC_WARN_UNDECLARED_SELECTOR = YES;
				GCC_WARN_UNINITIALIZED_AUTOS = YES_AGGRESSIVE;
				GCC_WARN_UNUSED_FUNCTION = YES;
				GCC_WARN_UNUSED_VARIABLE = YES;
				IPHONEOS_DEPLOYMENT_TARGET = 13.2;
				MTL_ENABLE_DEBUG_INFO = NO;
				MTL_FAST_MATH = YES;
				SDKROOT = iphoneos;
				SWIFT_COMPILATION_MODE = wholemodule;
				SWIFT_OPTIMIZATION_LEVEL = "-O";
				VALIDATE_PRODUCT = YES;
			};
			name = Release;
		};
		2CFDB7FA238F6B5400F1689E /* Debug */ = {
			isa = XCBuildConfiguration;
			baseConfigurationReference = E70D88946CC674DFB070C850 /* Pods-Secret Santa.debug.xcconfig */;
			buildSettings = {
				ASSETCATALOG_COMPILER_APPICON_NAME = AppIcon;
				CODE_SIGN_STYLE = Automatic;
				DEVELOPMENT_TEAM = C4JYD69Z89;
				INFOPLIST_FILE = "Secret Santa/Info.plist";
				IPHONEOS_DEPLOYMENT_TARGET = 13.0;
				LD_RUNPATH_SEARCH_PATHS = (
					"$(inherited)",
					"@executable_path/Frameworks",
				);
				PRODUCT_BUNDLE_IDENTIFIER = "com.bizmarky.Secret-Santa";
				PRODUCT_NAME = "$(TARGET_NAME)";
				SWIFT_VERSION = 5.0;
				TARGETED_DEVICE_FAMILY = "1,2";
			};
			name = Debug;
		};
		2CFDB7FB238F6B5400F1689E /* Release */ = {
			isa = XCBuildConfiguration;
			baseConfigurationReference = 343365043F1DB03BD3E8BEBD /* Pods-Secret Santa.release.xcconfig */;
			buildSettings = {
				ASSETCATALOG_COMPILER_APPICON_NAME = AppIcon;
				CODE_SIGN_STYLE = Automatic;
				DEVELOPMENT_TEAM = C4JYD69Z89;
				INFOPLIST_FILE = "Secret Santa/Info.plist";
				IPHONEOS_DEPLOYMENT_TARGET = 13.0;
				LD_RUNPATH_SEARCH_PATHS = (
					"$(inherited)",
					"@executable_path/Frameworks",
				);
				PRODUCT_BUNDLE_IDENTIFIER = "com.bizmarky.Secret-Santa";
				PRODUCT_NAME = "$(TARGET_NAME)";
				SWIFT_VERSION = 5.0;
				TARGETED_DEVICE_FAMILY = "1,2";
			};
			name = Release;
		};
/* End XCBuildConfiguration section */

/* Begin XCConfigurationList section */
		2CFDB7E0238F6B5300F1689E /* Build configuration list for PBXProject "Secret Santa" */ = {
			isa = XCConfigurationList;
			buildConfigurations = (
				2CFDB7F7238F6B5400F1689E /* Debug */,
				2CFDB7F8238F6B5400F1689E /* Release */,
			);
			defaultConfigurationIsVisible = 0;
			defaultConfigurationName = Release;
		};
		2CFDB7F9238F6B5400F1689E /* Build configuration list for PBXNativeTarget "Secret Santa" */ = {
			isa = XCConfigurationList;
			buildConfigurations = (
				2CFDB7FA238F6B5400F1689E /* Debug */,
				2CFDB7FB238F6B5400F1689E /* Release */,
			);
			defaultConfigurationIsVisible = 0;
			defaultConfigurationName = Release;
		};
/* End XCConfigurationList section */
	};
	rootObject = 2CFDB7DD238F6B5300F1689E /* Project object */;
}
